
Microsoft Visual Studio Solution File, Format Version 12.00
# Visual Studio Version 16
VisualStudioVersion = 16.0.30114.105
MinimumVisualStudioVersion = 10.0.40219.1
Project("{2150E333-8FDC-42A3-9474-1A3956D46DE8}") = "src", "src", "{E048C794-D65D-449E-BF23-B50A181D56F9}"
EndProject
Project("{FAE04EC0-301F-11D3-BF4B-00C04F79EFBC}") = "ProductFetcher.Core", "src\ProductFetcher.Core\ProductFetcher.Core.csproj", "{70CAB987-FE52-49A3-9B7B-2561E5278D91}"
EndProject
Project("{FAE04EC0-301F-11D3-BF4B-00C04F79EFBC}") = "ProductFetcher.Infrastructure", "src\ProductFetcher.Infrastructure\ProductFetcher.Infrastructure.csproj", "{0D89A7BC-992F-40EC-98D9-B689EA6AB4CE}"
EndProject
Project("{2150E333-8FDC-42A3-9474-1A3956D46DE8}") = "Cli", "Cli", "{B5C9619D-B5EB-4EDF-B11E-DA06569A7A0A}"
EndProject
Project("{FAE04EC0-301F-11D3-BF4B-00C04F79EFBC}") = "ProductFetcher.FetchCli", "src\Cli\ProductFetcher.FetchCli\ProductFetcher.FetchCli.csproj", "{4F3A5B80-B63D-4477-BB5D-B553319D5AAE}"
EndProject
Project("{2150E333-8FDC-42A3-9474-1A3956D46DE8}") = "tests", "tests", "{0A0DA239-2A7C-42AF-827D-C703EF8C1958}"
EndProject
Project("{FAE04EC0-301F-11D3-BF4B-00C04F79EFBC}") = "ProductFetcher.Infrastructure.Tests", "tests\ProductFetcher.Infrastructure.Tests\ProductFetcher.Infrastructure.Tests.csproj", "{9BB3939A-85CC-4432-95FE-04367881E929}"
EndProject
Project("{FAE04EC0-301F-11D3-BF4B-00C04F79EFBC}") = "ProductFetcher.NotifyCli", "src\Cli\ProductFetcher.NotifyCli\ProductFetcher.NotifyCli.csproj", "{F3B71632-6A4D-4FE3-8085-94E4024E6DC3}"
EndProject
Global
	GlobalSection(SolutionConfigurationPlatforms) = preSolution
		Debug|Any CPU = Debug|Any CPU
		Release|Any CPU = Release|Any CPU
	EndGlobalSection
	GlobalSection(SolutionProperties) = preSolution
		HideSolutionNode = FALSE
	EndGlobalSection
	GlobalSection(ProjectConfigurationPlatforms) = postSolution
		{70CAB987-FE52-49A3-9B7B-2561E5278D91}.Debug|Any CPU.ActiveCfg = Debug|Any CPU
		{70CAB987-FE52-49A3-9B7B-2561E5278D91}.Debug|Any CPU.Build.0 = Debug|Any CPU
		{70CAB987-FE52-49A3-9B7B-2561E5278D91}.Release|Any CPU.ActiveCfg = Release|Any CPU
		{70CAB987-FE52-49A3-9B7B-2561E5278D91}.Release|Any CPU.Build.0 = Release|Any CPU
		{0D89A7BC-992F-40EC-98D9-B689EA6AB4CE}.Debug|Any CPU.ActiveCfg = Debug|Any CPU
		{0D89A7BC-992F-40EC-98D9-B689EA6AB4CE}.Debug|Any CPU.Build.0 = Debug|Any CPU
		{0D89A7BC-992F-40EC-98D9-B689EA6AB4CE}.Release|Any CPU.ActiveCfg = Release|Any CPU
		{0D89A7BC-992F-40EC-98D9-B689EA6AB4CE}.Release|Any CPU.Build.0 = Release|Any CPU
		{4F3A5B80-B63D-4477-BB5D-B553319D5AAE}.Debug|Any CPU.ActiveCfg = Debug|Any CPU
		{4F3A5B80-B63D-4477-BB5D-B553319D5AAE}.Debug|Any CPU.Build.0 = Debug|Any CPU
		{4F3A5B80-B63D-4477-BB5D-B553319D5AAE}.Release|Any CPU.ActiveCfg = Release|Any CPU
		{4F3A5B80-B63D-4477-BB5D-B553319D5AAE}.Release|Any CPU.Build.0 = Release|Any CPU
		{9BB3939A-85CC-4432-95FE-04367881E929}.Debug|Any CPU.ActiveCfg = Debug|Any CPU
		{9BB3939A-85CC-4432-95FE-04367881E929}.Debug|Any CPU.Build.0 = Debug|Any CPU
		{9BB3939A-85CC-4432-95FE-04367881E929}.Release|Any CPU.ActiveCfg = Release|Any CPU
		{9BB3939A-85CC-4432-95FE-04367881E929}.Release|Any CPU.Build.0 = Release|Any CPU
		{F3B71632-6A4D-4FE3-8085-94E4024E6DC3}.Debug|Any CPU.ActiveCfg = Debug|Any CPU
		{F3B71632-6A4D-4FE3-8085-94E4024E6DC3}.Debug|Any CPU.Build.0 = Debug|Any CPU
		{F3B71632-6A4D-4FE3-8085-94E4024E6DC3}.Release|Any CPU.ActiveCfg = Release|Any CPU
		{F3B71632-6A4D-4FE3-8085-94E4024E6DC3}.Release|Any CPU.Build.0 = Release|Any CPU
	EndGlobalSection
	GlobalSection(NestedProjects) = preSolution
		{70CAB987-FE52-49A3-9B7B-2561E5278D91} = {E048C794-D65D-449E-BF23-B50A181D56F9}
		{0D89A7BC-992F-40EC-98D9-B689EA6AB4CE} = {E048C794-D65D-449E-BF23-B50A181D56F9}
		{B5C9619D-B5EB-4EDF-B11E-DA06569A7A0A} = {E048C794-D65D-449E-BF23-B50A181D56F9}
		{4F3A5B80-B63D-4477-BB5D-B553319D5AAE} = {B5C9619D-B5EB-4EDF-B11E-DA06569A7A0A}
		{9BB3939A-85CC-4432-95FE-04367881E929} = {0A0DA239-2A7C-42AF-827D-C703EF8C1958}
		{F3B71632-6A4D-4FE3-8085-94E4024E6DC3} = {B5C9619D-B5EB-4EDF-B11E-DA06569A7A0A}
	EndGlobalSection
EndGlobal
