
Microsoft Visual Studio Solution File, Format Version 12.00
# Visual Studio Version 16
VisualStudioVersion = 16.0.30114.105
MinimumVisualStudioVersion = 10.0.40219.1
Project("{2150E333-8FDC-42A3-9474-1A3956D46DE8}") = "src", "src", "{E048C794-D65D-449E-BF23-B50A181D56F9}"
EndProject
Project("{FAE04EC0-301F-11D3-BF4B-00C04F79EFBC}") = "ProductFetcher.Core", "src\ProductFetcher.Core\ProductFetcher.Core.csproj", "{70CAB987-FE52-49A3-9B7B-2561E5278D91}"
EndProject
Project("{FAE04EC0-301F-11D3-BF4B-00C04F79EFBC}") = "ProductFetcher.Infrastructure", "src\ProductFetcher.Infrastructure\ProductFetcher.Infrastructure.csproj", "{0D89A7BC-992F-40EC-98D9-B689EA6AB4CE}"
EndProject
Global
	GlobalSection(SolutionConfigurationPlatforms) = preSolution
		Debug|Any CPU = Debug|Any CPU
		Release|Any CPU = Release|Any CPU
	EndGlobalSection
	GlobalSection(SolutionProperties) = preSolution
		HideSolutionNode = FALSE
	EndGlobalSection
	GlobalSection(ProjectConfigurationPlatforms) = postSolution
		{70CAB987-FE52-49A3-9B7B-2561E5278D91}.Debug|Any CPU.ActiveCfg = Debug|Any CPU
		{70CAB987-FE52-49A3-9B7B-2561E5278D91}.Debug|Any CPU.Build.0 = Debug|Any CPU
		{70CAB987-FE52-49A3-9B7B-2561E5278D91}.Release|Any CPU.ActiveCfg = Release|Any CPU
		{70CAB987-FE52-49A3-9B7B-2561E5278D91}.Release|Any CPU.Build.0 = Release|Any CPU
		{0D89A7BC-992F-40EC-98D9-B689EA6AB4CE}.Debug|Any CPU.ActiveCfg = Debug|Any CPU
		{0D89A7BC-992F-40EC-98D9-B689EA6AB4CE}.Debug|Any CPU.Build.0 = Debug|Any CPU
		{0D89A7BC-992F-40EC-98D9-B689EA6AB4CE}.Release|Any CPU.ActiveCfg = Release|Any CPU
		{0D89A7BC-992F-40EC-98D9-B689EA6AB4CE}.Release|Any CPU.Build.0 = Release|Any CPU
	EndGlobalSection
	GlobalSection(NestedProjects) = preSolution
		{70CAB987-FE52-49A3-9B7B-2561E5278D91} = {E048C794-D65D-449E-BF23-B50A181D56F9}
		{0D89A7BC-992F-40EC-98D9-B689EA6AB4CE} = {E048C794-D65D-449E-BF23-B50A181D56F9}
	EndGlobalSection
EndGlobal
